
Microsoft Visual Studio Solution File, Format Version 12.00
# Visual Studio Version 16
VisualStudioVersion = 16.0.29009.5
MinimumVisualStudioVersion = 10.0.40219.1
Project("{FAE04EC0-301F-11D3-BF4B-00C04F79EFBC}") = "CrystalReportClient", "CrystalReportClient\CrystalReportClient.csproj", "{5E8280D8-1DB4-42E0-9023-7C3E9BC66457}"
EndProject
Global
	GlobalSection(SolutionConfigurationPlatforms) = preSolution
		Debug|Any CPU = Debug|Any CPU
		Release|Any CPU = Release|Any CPU
	EndGlobalSection
	GlobalSection(ProjectConfigurationPlatforms) = postSolution
		{5E8280D8-1DB4-42E0-9023-7C3E9BC66457}.Debug|Any CPU.ActiveCfg = Debug|Any CPU
		{5E8280D8-1DB4-42E0-9023-7C3E9BC66457}.Debug|Any CPU.Build.0 = Debug|Any CPU
		{5E8280D8-1DB4-42E0-9023-7C3E9BC66457}.Release|Any CPU.ActiveCfg = Release|Any CPU
		{5E8280D8-1DB4-42E0-9023-7C3E9BC66457}.Release|Any CPU.Build.0 = Release|Any CPU
	EndGlobalSection
	GlobalSection(SolutionProperties) = preSolution
		HideSolutionNode = FALSE
	EndGlobalSection
	GlobalSection(ExtensibilityGlobals) = postSolution
		SolutionGuid = {CCE4177A-AFCE-4C3A-9208-040F41372983}
	EndGlobalSection
EndGlobal
